
Microsoft Visual Studio Solution File, Format Version 12.00
# Visual Studio Version 16
VisualStudioVersion = 16.0.29509.3
MinimumVisualStudioVersion = 10.0.40219.1
Project("{FAE04EC0-301F-11D3-BF4B-00C04F79EFBC}") = "odbc-test", "odbc-test.csproj", "{E4065190-8BD1-44D0-9153-04ED73E5CE5E}"
EndProject
Global
	GlobalSection(SolutionConfigurationPlatforms) = preSolution
		Debug|Any CPU = Debug|Any CPU
		Release|Any CPU = Release|Any CPU
	EndGlobalSection
	GlobalSection(ProjectConfigurationPlatforms) = postSolution
		{E4065190-8BD1-44D0-9153-04ED73E5CE5E}.Debug|Any CPU.ActiveCfg = Debug|Any CPU
		{E4065190-8BD1-44D0-9153-04ED73E5CE5E}.Debug|Any CPU.Build.0 = Debug|Any CPU
		{E4065190-8BD1-44D0-9153-04ED73E5CE5E}.Release|Any CPU.ActiveCfg = Release|Any CPU
		{E4065190-8BD1-44D0-9153-04ED73E5CE5E}.Release|Any CPU.Build.0 = Release|Any CPU
	EndGlobalSection
	GlobalSection(SolutionProperties) = preSolution
		HideSolutionNode = FALSE
	EndGlobalSection
	GlobalSection(ExtensibilityGlobals) = postSolution
		SolutionGuid = {2C42EEAA-8AE0-4186-9B59-031245D11E27}
	EndGlobalSection
EndGlobal
